{
  "name": "demo",
  "version": "1.0.0",
  "lockfileVersion": 1,
  "requires": true,
  "dependencies": {
    "@types/node": {
      "version": "15.12.5",
      "resolved": "https://registry.nlark.com/@types/node/download/@types/node-15.12.5.tgz?cache=0&sync_timestamp=1624763053899&other_urls=https%3A%2F%2Fregistry.nlark.com%2F%40types%2Fnode%2Fdownload%2F%40types%2Fnode-15.12.5.tgz",
      "integrity": "sha1-mngxikXXXJUj0jlhMb08ylSy0YU=",
      "dev": true
    },
    "typescript": {
      "version": "4.3.4",
      "resolved": "https://registry.nlark.com/typescript/download/typescript-4.3.4.tgz?cache=0&other_urls=https%3A%2F%2Fregistry.nlark.com%2Ftypescript%2Fdownload%2Ftypescript-4.3.4.tgz",
      "integrity": "sha1-P4W5hpRbzzEHHezdls+L+mX53Lw=",
      "dev": true
    }
  }
}
